
Microsoft Visual Studio Solution File, Format Version 12.00
# Visual Studio Version 16
VisualStudioVersion = 16.0.30114.105
MinimumVisualStudioVersion = 10.0.40219.1
Project("{FAE04EC0-301F-11D3-BF4B-00C04F79EFBC}") = "R5T.L0009", "R5T.L0009\R5T.L0009.csproj", "{385AA311-8BA5-4B17-BA3B-9341465F0C7B}"
EndProject
Project("{FAE04EC0-301F-11D3-BF4B-00C04F79EFBC}") = "R5T.L0009.Construction", "R5T.L0009.Construction\R5T.L0009.Construction.csproj", "{05A7AC92-2BB6-47C1-87E9-731C1C2288B3}"
EndProject
Project("{FAE04EC0-301F-11D3-BF4B-00C04F79EFBC}") = "R5T.L0009.Extensions", "R5T.L0009.Extensions\R5T.L0009.Extensions.csproj", "{8C53DE57-A3E8-4102-9B40-71479C9C808A}"
EndProject
Global
	GlobalSection(SolutionConfigurationPlatforms) = preSolution
		Debug|Any CPU = Debug|Any CPU
		Debug|x64 = Debug|x64
		Debug|x86 = Debug|x86
		Release|Any CPU = Release|Any CPU
		Release|x64 = Release|x64
		Release|x86 = Release|x86
	EndGlobalSection
	GlobalSection(SolutionProperties) = preSolution
		HideSolutionNode = FALSE
	EndGlobalSection
	GlobalSection(ProjectConfigurationPlatforms) = postSolution
		{385AA311-8BA5-4B17-BA3B-9341465F0C7B}.Debug|Any CPU.ActiveCfg = Debug|Any CPU
		{385AA311-8BA5-4B17-BA3B-9341465F0C7B}.Debug|Any CPU.Build.0 = Debug|Any CPU
		{385AA311-8BA5-4B17-BA3B-9341465F0C7B}.Debug|x64.ActiveCfg = Debug|Any CPU
		{385AA311-8BA5-4B17-BA3B-9341465F0C7B}.Debug|x64.Build.0 = Debug|Any CPU
		{385AA311-8BA5-4B17-BA3B-9341465F0C7B}.Debug|x86.ActiveCfg = Debug|Any CPU
		{385AA311-8BA5-4B17-BA3B-9341465F0C7B}.Debug|x86.Build.0 = Debug|Any CPU
		{385AA311-8BA5-4B17-BA3B-9341465F0C7B}.Release|Any CPU.ActiveCfg = Release|Any CPU
		{385AA311-8BA5-4B17-BA3B-9341465F0C7B}.Release|Any CPU.Build.0 = Release|Any CPU
		{385AA311-8BA5-4B17-BA3B-9341465F0C7B}.Release|x64.ActiveCfg = Release|Any CPU
		{385AA311-8BA5-4B17-BA3B-9341465F0C7B}.Release|x64.Build.0 = Release|Any CPU
		{385AA311-8BA5-4B17-BA3B-9341465F0C7B}.Release|x86.ActiveCfg = Release|Any CPU
		{385AA311-8BA5-4B17-BA3B-9341465F0C7B}.Release|x86.Build.0 = Release|Any CPU
		{05A7AC92-2BB6-47C1-87E9-731C1C2288B3}.Debug|Any CPU.ActiveCfg = Debug|Any CPU
		{05A7AC92-2BB6-47C1-87E9-731C1C2288B3}.Debug|Any CPU.Build.0 = Debug|Any CPU
		{05A7AC92-2BB6-47C1-87E9-731C1C2288B3}.Debug|x64.ActiveCfg = Debug|Any CPU
		{05A7AC92-2BB6-47C1-87E9-731C1C2288B3}.Debug|x64.Build.0 = Debug|Any CPU
		{05A7AC92-2BB6-47C1-87E9-731C1C2288B3}.Debug|x86.ActiveCfg = Debug|Any CPU
		{05A7AC92-2BB6-47C1-87E9-731C1C2288B3}.Debug|x86.Build.0 = Debug|Any CPU
		{05A7AC92-2BB6-47C1-87E9-731C1C2288B3}.Release|Any CPU.ActiveCfg = Release|Any CPU
		{05A7AC92-2BB6-47C1-87E9-731C1C2288B3}.Release|Any CPU.Build.0 = Release|Any CPU
		{05A7AC92-2BB6-47C1-87E9-731C1C2288B3}.Release|x64.ActiveCfg = Release|Any CPU
		{05A7AC92-2BB6-47C1-87E9-731C1C2288B3}.Release|x64.Build.0 = Release|Any CPU
		{05A7AC92-2BB6-47C1-87E9-731C1C2288B3}.Release|x86.ActiveCfg = Release|Any CPU
		{05A7AC92-2BB6-47C1-87E9-731C1C2288B3}.Release|x86.Build.0 = Release|Any CPU
		{8C53DE57-A3E8-4102-9B40-71479C9C808A}.Debug|Any CPU.ActiveCfg = Debug|Any CPU
		{8C53DE57-A3E8-4102-9B40-71479C9C808A}.Debug|Any CPU.Build.0 = Debug|Any CPU
		{8C53DE57-A3E8-4102-9B40-71479C9C808A}.Debug|x64.ActiveCfg = Debug|Any CPU
		{8C53DE57-A3E8-4102-9B40-71479C9C808A}.Debug|x64.Build.0 = Debug|Any CPU
		{8C53DE57-A3E8-4102-9B40-71479C9C808A}.Debug|x86.ActiveCfg = Debug|Any CPU
		{8C53DE57-A3E8-4102-9B40-71479C9C808A}.Debug|x86.Build.0 = Debug|Any CPU
		{8C53DE57-A3E8-4102-9B40-71479C9C808A}.Release|Any CPU.ActiveCfg = Release|Any CPU
		{8C53DE57-A3E8-4102-9B40-71479C9C808A}.Release|Any CPU.Build.0 = Release|Any CPU
		{8C53DE57-A3E8-4102-9B40-71479C9C808A}.Release|x64.ActiveCfg = Release|Any CPU
		{8C53DE57-A3E8-4102-9B40-71479C9C808A}.Release|x64.Build.0 = Release|Any CPU
		{8C53DE57-A3E8-4102-9B40-71479C9C808A}.Release|x86.ActiveCfg = Release|Any CPU
		{8C53DE57-A3E8-4102-9B40-71479C9C808A}.Release|x86.Build.0 = Release|Any CPU
	EndGlobalSection
EndGlobal
